
Microsoft Visual Studio Solution File, Format Version 12.00
# Visual Studio Version 17
VisualStudioVersion = 17.2.32526.322
MinimumVisualStudioVersion = 10.0.40219.1
Project("{FAE04EC0-301F-11D3-BF4B-00C04F79EFBC}") = "WPFGrid_ColumnChooser", "WPFGrid_ColumnChooser\WPFGrid_ColumnChooser.csproj", "{7FD9E9B7-6415-428D-80A7-1AAB058E7B32}"
EndProject
Global
	GlobalSection(SolutionConfigurationPlatforms) = preSolution
		Debug|Any CPU = Debug|Any CPU
		Release|Any CPU = Release|Any CPU
	EndGlobalSection
	GlobalSection(ProjectConfigurationPlatforms) = postSolution
		{7FD9E9B7-6415-428D-80A7-1AAB058E7B32}.Debug|Any CPU.ActiveCfg = Debug|Any CPU
		{7FD9E9B7-6415-428D-80A7-1AAB058E7B32}.Debug|Any CPU.Build.0 = Debug|Any CPU
		{7FD9E9B7-6415-428D-80A7-1AAB058E7B32}.Release|Any CPU.ActiveCfg = Release|Any CPU
		{7FD9E9B7-6415-428D-80A7-1AAB058E7B32}.Release|Any CPU.Build.0 = Release|Any CPU
	EndGlobalSection
	GlobalSection(SolutionProperties) = preSolution
		HideSolutionNode = FALSE
	EndGlobalSection
	GlobalSection(ExtensibilityGlobals) = postSolution
		SolutionGuid = {6F7ED42E-E093-4F35-A46D-43720DC582DC}
	EndGlobalSection
EndGlobal
